
Microsoft Visual Studio Solution File, Format Version 12.00
# Visual Studio 15
Project("{FAE04EC0-301F-11D3-BF4B-00C04F79EFBC}") = "MessageQueueing", "MessageQueueing\MessageQueueing.csproj", "{3DA1B83A-38CB-42D6-957B-A556F1A9CC86}"
EndProject
Project("{FAE04EC0-301F-11D3-BF4B-00C04F79EFBC}") = "MessageQueueing.Tests", "MessageQueueing.Tests\MessageQueueing.Tests.csproj", "{78C521D7-320C-4F12-859C-9C08E1CAB8F8}"
EndProject
Project("{FAE04EC0-301F-11D3-BF4B-00C04F79EFBC}") = "Producer", "Producer\Producer.csproj", "{B3019025-492A-45F5-B433-2E25161B67C7}"
EndProject
Project("{FAE04EC0-301F-11D3-BF4B-00C04F79EFBC}") = "Consumer", "Consumer\Consumer.csproj", "{9C312CCE-4423-4627-851A-B9DE6457AC6D}"
EndProject
Global
	GlobalSection(SolutionConfigurationPlatforms) = preSolution
		Debug|Any CPU = Debug|Any CPU
		Release|Any CPU = Release|Any CPU
	EndGlobalSection
	GlobalSection(ProjectConfigurationPlatforms) = postSolution
		{3DA1B83A-38CB-42D6-957B-A556F1A9CC86}.Debug|Any CPU.ActiveCfg = Debug|Any CPU
		{3DA1B83A-38CB-42D6-957B-A556F1A9CC86}.Debug|Any CPU.Build.0 = Debug|Any CPU
		{3DA1B83A-38CB-42D6-957B-A556F1A9CC86}.Release|Any CPU.ActiveCfg = Release|Any CPU
		{3DA1B83A-38CB-42D6-957B-A556F1A9CC86}.Release|Any CPU.Build.0 = Release|Any CPU
		{78C521D7-320C-4F12-859C-9C08E1CAB8F8}.Debug|Any CPU.ActiveCfg = Debug|Any CPU
		{78C521D7-320C-4F12-859C-9C08E1CAB8F8}.Debug|Any CPU.Build.0 = Debug|Any CPU
		{78C521D7-320C-4F12-859C-9C08E1CAB8F8}.Release|Any CPU.ActiveCfg = Release|Any CPU
		{78C521D7-320C-4F12-859C-9C08E1CAB8F8}.Release|Any CPU.Build.0 = Release|Any CPU
		{B3019025-492A-45F5-B433-2E25161B67C7}.Debug|Any CPU.ActiveCfg = Debug|Any CPU
		{B3019025-492A-45F5-B433-2E25161B67C7}.Debug|Any CPU.Build.0 = Debug|Any CPU
		{B3019025-492A-45F5-B433-2E25161B67C7}.Release|Any CPU.ActiveCfg = Release|Any CPU
		{B3019025-492A-45F5-B433-2E25161B67C7}.Release|Any CPU.Build.0 = Release|Any CPU
		{9C312CCE-4423-4627-851A-B9DE6457AC6D}.Debug|Any CPU.ActiveCfg = Debug|Any CPU
		{9C312CCE-4423-4627-851A-B9DE6457AC6D}.Debug|Any CPU.Build.0 = Debug|Any CPU
		{9C312CCE-4423-4627-851A-B9DE6457AC6D}.Release|Any CPU.ActiveCfg = Release|Any CPU
		{9C312CCE-4423-4627-851A-B9DE6457AC6D}.Release|Any CPU.Build.0 = Release|Any CPU
	EndGlobalSection
EndGlobal
